
Microsoft Visual Studio Solution File, Format Version 12.00
# Visual Studio Version 16
VisualStudioVersion = 16.0.30011.22
MinimumVisualStudioVersion = 10.0.40219.1
Project("{9A19103F-16F7-4668-BE54-9A1E7A4F7556}") = "AdditionalTask", "AdditionalTask\AdditionalTask.csproj", "{55962FF9-4636-46F1-A2E8-D160EB4308B4}"
EndProject
Project("{2150E333-8FDC-42A3-9474-1A3956D46DE8}") = "Solution Items", "Solution Items", "{A10B80F5-429D-4122-8FDE-23722F40A096}"
	ProjectSection(SolutionItems) = preProject
		.travis.yml = .travis.yml
	EndProjectSection
EndProject
Global
	GlobalSection(SolutionConfigurationPlatforms) = preSolution
		Debug|Any CPU = Debug|Any CPU
		Release|Any CPU = Release|Any CPU
	EndGlobalSection
	GlobalSection(ProjectConfigurationPlatforms) = postSolution
		{55962FF9-4636-46F1-A2E8-D160EB4308B4}.Debug|Any CPU.ActiveCfg = Debug|Any CPU
		{55962FF9-4636-46F1-A2E8-D160EB4308B4}.Debug|Any CPU.Build.0 = Debug|Any CPU
		{55962FF9-4636-46F1-A2E8-D160EB4308B4}.Release|Any CPU.ActiveCfg = Release|Any CPU
		{55962FF9-4636-46F1-A2E8-D160EB4308B4}.Release|Any CPU.Build.0 = Release|Any CPU
	EndGlobalSection
	GlobalSection(SolutionProperties) = preSolution
		HideSolutionNode = FALSE
	EndGlobalSection
	GlobalSection(ExtensibilityGlobals) = postSolution
		SolutionGuid = {40583A82-4A3F-4C3A-96E0-E916DEE3DDDD}
	EndGlobalSection
EndGlobal
